// !$*UTF8*$!
{
	archiveVersion = 1;
	classes = {
	};
	objectVersion = 56;
	objects = {

/* Begin PBXBuildFile section */
		1A850B922B4ED10400D2F1A5 /* RealityKitContent in Frameworks */ = {isa = PBXBuildFile; platformFilters = (xros, ); productRef = 1A850B912B4ED10400D2F1A5 /* RealityKitContent */; settings = {ATTRIBUTES = (Required, ); }; };
		1A850B942B4ED10400D2F1A5 /* MultiOSSampleApp.swift in Sources */ = {isa = PBXBuildFile; fileRef = 1A850B932B4ED10400D2F1A5 /* MultiOSSampleApp.swift */; };
		1A850B962B4ED10400D2F1A5 /* VisionOSContentView.swift in Sources */ = {isa = PBXBuildFile; fileRef = 1A850B952B4ED10400D2F1A5 /* VisionOSContentView.swift */; platformFilters = (xros, ); };
		1A850B982B4ED10600D2F1A5 /* Assets.xcassets in Resources */ = {isa = PBXBuildFile; fileRef = 1A850B972B4ED10600D2F1A5 /* Assets.xcassets */; };
		1A850B9B2B4ED10600D2F1A5 /* Preview Assets.xcassets in Resources */ = {isa = PBXBuildFile; fileRef = 1A850B9A2B4ED10600D2F1A5 /* Preview Assets.xcassets */; };
		1A850BA62B4ED10600D2F1A5 /* MultiOSSampleTests.swift in Sources */ = {isa = PBXBuildFile; fileRef = 1A850BA52B4ED10600D2F1A5 /* MultiOSSampleTests.swift */; };
		1A850BB02B4ED15700D2F1A5 /* ContentView.swift in Sources */ = {isa = PBXBuildFile; fileRef = 1A850BAF2B4ED15700D2F1A5 /* ContentView.swift */; };
/* End PBXBuildFile section */

/* Begin PBXContainerItemProxy section */
		1A850BA22B4ED10600D2F1A5 /* PBXContainerItemProxy */ = {
			isa = PBXContainerItemProxy;
			containerPortal = 1A850B842B4ED10400D2F1A5 /* Project object */;
			proxyType = 1;
			remoteGlobalIDString = 1A850B8B2B4ED10400D2F1A5;
			remoteInfo = MultiOSSample;
		};
/* End PBXContainerItemProxy section */

/* Begin PBXFileReference section */
		1A850B8C2B4ED10400D2F1A5 /* MultiOSSample.app */ = {isa = PBXFileReference; explicitFileType = wrapper.application; includeInIndex = 0; path = MultiOSSample.app; sourceTree = BUILT_PRODUCTS_DIR; };
		1A850B902B4ED10400D2F1A5 /* RealityKitContent */ = {isa = PBXFileReference; lastKnownFileType = wrapper; path = RealityKitContent; sourceTree = "<group>"; };
		1A850B932B4ED10400D2F1A5 /* MultiOSSampleApp.swift */ = {isa = PBXFileReference; lastKnownFileType = sourcecode.swift; path = MultiOSSampleApp.swift; sourceTree = "<group>"; };
		1A850B952B4ED10400D2F1A5 /* VisionOSContentView.swift */ = {isa = PBXFileReference; lastKnownFileType = sourcecode.swift; path = VisionOSContentView.swift; sourceTree = "<group>"; };
		1A850B972B4ED10600D2F1A5 /* Assets.xcassets */ = {isa = PBXFileReference; lastKnownFileType = folder.assetcatalog; path = Assets.xcassets; sourceTree = "<group>"; };
		1A850B9A2B4ED10600D2F1A5 /* Preview Assets.xcassets */ = {isa = PBXFileReference; lastKnownFileType = folder.assetcatalog; path = "Preview Assets.xcassets"; sourceTree = "<group>"; };
		1A850B9C2B4ED10600D2F1A5 /* Info.plist */ = {isa = PBXFileReference; lastKnownFileType = text.plist.xml; path = Info.plist; sourceTree = "<group>"; };
		1A850BA12B4ED10600D2F1A5 /* MultiOSSampleTests.xctest */ = {isa = PBXFileReference; explicitFileType = wrapper.cfbundle; includeInIndex = 0; path = MultiOSSampleTests.xctest; sourceTree = BUILT_PRODUCTS_DIR; };
		1A850BA52B4ED10600D2F1A5 /* MultiOSSampleTests.swift */ = {isa = PBXFileReference; lastKnownFileType = sourcecode.swift; path = MultiOSSampleTests.swift; sourceTree = "<group>"; };
		1A850BAF2B4ED15700D2F1A5 /* ContentView.swift */ = {isa = PBXFileReference; lastKnownFileType = sourcecode.swift; path = ContentView.swift; sourceTree = "<group>"; };
/* End PBXFileReference section */

/* Begin PBXFrameworksBuildPhase section */
		1A850B892B4ED10400D2F1A5 /* Frameworks */ = {
			isa = PBXFrameworksBuildPhase;
			buildActionMask = 2147483647;
			files = (
				1A850B922B4ED10400D2F1A5 /* RealityKitContent in Frameworks */,
			);
			runOnlyForDeploymentPostprocessing = 0;
		};
		1A850B9E2B4ED10600D2F1A5 /* Frameworks */ = {
			isa = PBXFrameworksBuildPhase;
			buildActionMask = 2147483647;
			files = (
			);
			runOnlyForDeploymentPostprocessing = 0;
		};
/* End PBXFrameworksBuildPhase section */

/* Begin PBXGroup section */
		1A850B832B4ED10400D2F1A5 = {
			isa = PBXGroup;
			children = (
				1A850B8E2B4ED10400D2F1A5 /* MultiOSSample */,
				1A850B8F2B4ED10400D2F1A5 /* Packages */,
				1A850BA42B4ED10600D2F1A5 /* MultiOSSampleTests */,
				1A850B8D2B4ED10400D2F1A5 /* Products */,
			);
			sourceTree = "<group>";
		};
		1A850B8D2B4ED10400D2F1A5 /* Products */ = {
			isa = PBXGroup;
			children = (
				1A850B8C2B4ED10400D2F1A5 /* MultiOSSample.app */,
				1A850BA12B4ED10600D2F1A5 /* MultiOSSampleTests.xctest */,
			);
			name = Products;
			sourceTree = "<group>";
		};
		1A850B8E2B4ED10400D2F1A5 /* MultiOSSample */ = {
			isa = PBXGroup;
			children = (
				1A850B932B4ED10400D2F1A5 /* MultiOSSampleApp.swift */,
				1A850B952B4ED10400D2F1A5 /* VisionOSContentView.swift */,
				1A850BAF2B4ED15700D2F1A5 /* ContentView.swift */,
				1A850B972B4ED10600D2F1A5 /* Assets.xcassets */,
				1A850B9C2B4ED10600D2F1A5 /* Info.plist */,
				1A850B992B4ED10600D2F1A5 /* Preview Content */,
			);
			path = MultiOSSample;
			sourceTree = "<group>";
		};
		1A850B8F2B4ED10400D2F1A5 /* Packages */ = {
			isa = PBXGroup;
			children = (
				1A850B902B4ED10400D2F1A5 /* RealityKitContent */,
			);
			path = Packages;
			sourceTree = "<group>";
		};
		1A850B992B4ED10600D2F1A5 /* Preview Content */ = {
			isa = PBXGroup;
			children = (
				1A850B9A2B4ED10600D2F1A5 /* Preview Assets.xcassets */,
			);
			path = "Preview Content";
			sourceTree = "<group>";
		};
		1A850BA42B4ED10600D2F1A5 /* MultiOSSampleTests */ = {
			isa = PBXGroup;
			children = (
				1A850BA52B4ED10600D2F1A5 /* MultiOSSampleTests.swift */,
			);
			path = MultiOSSampleTests;
			sourceTree = "<group>";
		};
/* End PBXGroup section */

/* Begin PBXNativeTarget section */
		1A850B8B2B4ED10400D2F1A5 /* MultiOSSample */ = {
			isa = PBXNativeTarget;
			buildConfigurationList = 1A850BA92B4ED10600D2F1A5 /* Build configuration list for PBXNativeTarget "MultiOSSample" */;
			buildPhases = (
				1A850B882B4ED10400D2F1A5 /* Sources */,
				1A850B892B4ED10400D2F1A5 /* Frameworks */,
				1A850B8A2B4ED10400D2F1A5 /* Resources */,
			);
			buildRules = (
			);
			dependencies = (
			);
			name = MultiOSSample;
			packageProductDependencies = (
				1A850B912B4ED10400D2F1A5 /* RealityKitContent */,
			);
			productName = MultiOSSample;
			productReference = 1A850B8C2B4ED10400D2F1A5 /* MultiOSSample.app */;
			productType = "com.apple.product-type.application";
		};
		1A850BA02B4ED10600D2F1A5 /* MultiOSSampleTests */ = {
			isa = PBXNativeTarget;
			buildConfigurationList = 1A850BAC2B4ED10600D2F1A5 /* Build configuration list for PBXNativeTarget "MultiOSSampleTests" */;
			buildPhases = (
				1A850B9D2B4ED10600D2F1A5 /* Sources */,
				1A850B9E2B4ED10600D2F1A5 /* Frameworks */,
				1A850B9F2B4ED10600D2F1A5 /* Resources */,
			);
			buildRules = (
			);
			dependencies = (
				1A850BA32B4ED10600D2F1A5 /* PBXTargetDependency */,
			);
			name = MultiOSSampleTests;
			productName = MultiOSSampleTests;
			productReference = 1A850BA12B4ED10600D2F1A5 /* MultiOSSampleTests.xctest */;
			productType = "com.apple.product-type.bundle.unit-test";
		};
/* End PBXNativeTarget section */

/* Begin PBXProject section */
		1A850B842B4ED10400D2F1A5 /* Project object */ = {
			isa = PBXProject;
			attributes = {
				BuildIndependentTargetsInParallel = 1;
				LastSwiftUpdateCheck = 1520;
				LastUpgradeCheck = 1520;
				TargetAttributes = {
					1A850B8B2B4ED10400D2F1A5 = {
						CreatedOnToolsVersion = 15.2;
					};
					1A850BA02B4ED10600D2F1A5 = {
						CreatedOnToolsVersion = 15.2;
						TestTargetID = 1A850B8B2B4ED10400D2F1A5;
					};
				};
			};
			buildConfigurationList = 1A850B872B4ED10400D2F1A5 /* Build configuration list for PBXProject "MultiOSSample" */;
			compatibilityVersion = "Xcode 14.0";
			developmentRegion = en;
			hasScannedForEncodings = 0;
			knownRegions = (
				en,
				Base,
			);
			mainGroup = 1A850B832B4ED10400D2F1A5;
			productRefGroup = 1A850B8D2B4ED10400D2F1A5 /* Products */;
			projectDirPath = "";
			projectRoot = "";
			targets = (
				1A850B8B2B4ED10400D2F1A5 /* MultiOSSample */,
				1A850BA02B4ED10600D2F1A5 /* MultiOSSampleTests */,
			);
		};
/* End PBXProject section */

/* Begin PBXResourcesBuildPhase section */
		1A850B8A2B4ED10400D2F1A5 /* Resources */ = {
			isa = PBXResourcesBuildPhase;
			buildActionMask = 2147483647;
			files = (
				1A850B9B2B4ED10600D2F1A5 /* Preview Assets.xcassets in Resources */,
				1A850B982B4ED10600D2F1A5 /* Assets.xcassets in Resources */,
			);
			runOnlyForDeploymentPostprocessing = 0;
		};
		1A850B9F2B4ED10600D2F1A5 /* Resources */ = {
			isa = PBXResourcesBuildPhase;
			buildActionMask = 2147483647;
			files = (
			);
			runOnlyForDeploymentPostprocessing = 0;
		};
/* End PBXResourcesBuildPhase section */

/* Begin PBXSourcesBuildPhase section */
		1A850B882B4ED10400D2F1A5 /* Sources */ = {
			isa = PBXSourcesBuildPhase;
			buildActionMask = 2147483647;
			files = (
				1A850B962B4ED10400D2F1A5 /* VisionOSContentView.swift in Sources */,
				1A850B942B4ED10400D2F1A5 /* MultiOSSampleApp.swift in Sources */,
				1A850BB02B4ED15700D2F1A5 /* ContentView.swift in Sources */,
			);
			runOnlyForDeploymentPostprocessing = 0;
		};
		1A850B9D2B4ED10600D2F1A5 /* Sources */ = {
			isa = PBXSourcesBuildPhase;
			buildActionMask = 2147483647;
			files = (
				1A850BA62B4ED10600D2F1A5 /* MultiOSSampleTests.swift in Sources */,
			);
			runOnlyForDeploymentPostprocessing = 0;
		};
/* End PBXSourcesBuildPhase section */

/* Begin PBXTargetDependency section */
		1A850BA32B4ED10600D2F1A5 /* PBXTargetDependency */ = {
			isa = PBXTargetDependency;
			target = 1A850B8B2B4ED10400D2F1A5 /* MultiOSSample */;
			targetProxy = 1A850BA22B4ED10600D2F1A5 /* PBXContainerItemProxy */;
		};
/* End PBXTargetDependency section */

/* Begin XCBuildConfiguration section */
		1A850BA72B4ED10600D2F1A5 /* Debug */ = {
			isa = XCBuildConfiguration;
			buildSettings = {
				ALWAYS_SEARCH_USER_PATHS = NO;
				ASSETCATALOG_COMPILER_GENERATE_SWIFT_ASSET_SYMBOL_EXTENSIONS = YES;
				CLANG_ANALYZER_NONNULL = YES;
				CLANG_ANALYZER_NUMBER_OBJECT_CONVERSION = YES_AGGRESSIVE;
				CLANG_CXX_LANGUAGE_STANDARD = "gnu++20";
				CLANG_ENABLE_MODULES = YES;
				CLANG_ENABLE_OBJC_ARC = YES;
				CLANG_ENABLE_OBJC_WEAK = YES;
				CLANG_WARN_BLOCK_CAPTURE_AUTORELEASING = YES;
				CLANG_WARN_BOOL_CONVERSION = YES;
				CLANG_WARN_COMMA = YES;
				CLANG_WARN_CONSTANT_CONVERSION = YES;
				CLANG_WARN_DEPRECATED_OBJC_IMPLEMENTATIONS = YES;
				CLANG_WARN_DIRECT_OBJC_ISA_USAGE = YES_ERROR;
				CLANG_WARN_DOCUMENTATION_COMMENTS = YES;
				CLANG_WARN_EMPTY_BODY = YES;
				CLANG_WARN_ENUM_CONVERSION = YES;
				CLANG_WARN_INFINITE_RECURSION = YES;
				CLANG_WARN_INT_CONVERSION = YES;
				CLANG_WARN_NON_LITERAL_NULL_CONVERSION = YES;
				CLANG_WARN_OBJC_IMPLICIT_RETAIN_SELF = YES;
				CLANG_WARN_OBJC_LITERAL_CONVERSION = YES;
				CLANG_WARN_OBJC_ROOT_CLASS = YES_ERROR;
				CLANG_WARN_QUOTED_INCLUDE_IN_FRAMEWORK_HEADER = YES;
				CLANG_WARN_RANGE_LOOP_ANALYSIS = YES;
				CLANG_WARN_STRICT_PROTOTYPES = YES;
				CLANG_WARN_SUSPICIOUS_MOVE = YES;
				CLANG_WARN_UNGUARDED_AVAILABILITY = YES_AGGRESSIVE;
				CLANG_WARN_UNREACHABLE_CODE = YES;
				CLANG_WARN__DUPLICATE_METHOD_MATCH = YES;
				COPY_PHASE_STRIP = NO;
				DEBUG_INFORMATION_FORMAT = dwarf;
				ENABLE_STRICT_OBJC_MSGSEND = YES;
				ENABLE_TESTABILITY = YES;
				ENABLE_USER_SCRIPT_SANDBOXING = YES;
				GCC_C_LANGUAGE_STANDARD = gnu17;
				GCC_DYNAMIC_NO_PIC = NO;
				GCC_NO_COMMON_BLOCKS = YES;
				GCC_OPTIMIZATION_LEVEL = 0;
				GCC_PREPROCESSOR_DEFINITIONS = (
					"DEBUG=1",
					"$(inherited)",
				);
				GCC_WARN_64_TO_32_BIT_CONVERSION = YES;
				GCC_WARN_ABOUT_RETURN_TYPE = YES_ERROR;
				GCC_WARN_UNDECLARED_SELECTOR = YES;
				GCC_WARN_UNINITIALIZED_AUTOS = YES_AGGRESSIVE;
				GCC_WARN_UNUSED_FUNCTION = YES;
				GCC_WARN_UNUSED_VARIABLE = YES;
				LOCALIZATION_PREFERS_STRING_CATALOGS = YES;
				MTL_ENABLE_DEBUG_INFO = INCLUDE_SOURCE;
				MTL_FAST_MATH = YES;
				ONLY_ACTIVE_ARCH = YES;
				SDKROOT = xros;
				SWIFT_ACTIVE_COMPILATION_CONDITIONS = "DEBUG $(inherited)";
				SWIFT_OPTIMIZATION_LEVEL = "-Onone";
				XROS_DEPLOYMENT_TARGET = 1.0;
			};
			name = Debug;
		};
		1A850BA82B4ED10600D2F1A5 /* Release */ = {
			isa = XCBuildConfiguration;
			buildSettings = {
				ALWAYS_SEARCH_USER_PATHS = NO;
				ASSETCATALOG_COMPILER_GENERATE_SWIFT_ASSET_SYMBOL_EXTENSIONS = YES;
				CLANG_ANALYZER_NONNULL = YES;
				CLANG_ANALYZER_NUMBER_OBJECT_CONVERSION = YES_AGGRESSIVE;
				CLANG_CXX_LANGUAGE_STANDARD = "gnu++20";
				CLANG_ENABLE_MODULES = YES;
				CLANG_ENABLE_OBJC_ARC = YES;
				CLANG_ENABLE_OBJC_WEAK = YES;
				CLANG_WARN_BLOCK_CAPTURE_AUTORELEASING = YES;
				CLANG_WARN_BOOL_CONVERSION = YES;
				CLANG_WARN_COMMA = YES;
				CLANG_WARN_CONSTANT_CONVERSION = YES;
				CLANG_WARN_DEPRECATED_OBJC_IMPLEMENTATIONS = YES;
				CLANG_WARN_DIRECT_OBJC_ISA_USAGE = YES_ERROR;
				CLANG_WARN_DOCUMENTATION_COMMENTS = YES;
				CLANG_WARN_EMPTY_BODY = YES;
				CLANG_WARN_ENUM_CONVERSION = YES;
				CLANG_WARN_INFINITE_RECURSION = YES;
				CLANG_WARN_INT_CONVERSION = YES;
				CLANG_WARN_NON_LITERAL_NULL_CONVERSION = YES;
				CLANG_WARN_OBJC_IMPLICIT_RETAIN_SELF = YES;
				CLANG_WARN_OBJC_LITERAL_CONVERSION = YES;
				CLANG_WARN_OBJC_ROOT_CLASS = YES_ERROR;
				CLANG_WARN_QUOTED_INCLUDE_IN_FRAMEWORK_HEADER = YES;
				CLANG_WARN_RANGE_LOOP_ANALYSIS = YES;
				CLANG_WARN_STRICT_PROTOTYPES = YES;
				CLANG_WARN_SUSPICIOUS_MOVE = YES;
				CLANG_WARN_UNGUARDED_AVAILABILITY = YES_AGGRESSIVE;
				CLANG_WARN_UNREACHABLE_CODE = YES;
				CLANG_WARN__DUPLICATE_METHOD_MATCH = YES;
				COPY_PHASE_STRIP = NO;
				DEBUG_INFORMATION_FORMAT = "dwarf-with-dsym";
				ENABLE_NS_ASSERTIONS = NO;
				ENABLE_STRICT_OBJC_MSGSEND = YES;
				ENABLE_USER_SCRIPT_SANDBOXING = YES;
				GCC_C_LANGUAGE_STANDARD = gnu17;
				GCC_NO_COMMON_BLOCKS = YES;
				GCC_WARN_64_TO_32_BIT_CONVERSION = YES;
				GCC_WARN_ABOUT_RETURN_TYPE = YES_ERROR;
				GCC_WARN_UNDECLARED_SELECTOR = YES;
				GCC_WARN_UNINITIALIZED_AUTOS = YES_AGGRESSIVE;
				GCC_WARN_UNUSED_FUNCTION = YES;
				GCC_WARN_UNUSED_VARIABLE = YES;
				LOCALIZATION_PREFERS_STRING_CATALOGS = YES;
				MTL_ENABLE_DEBUG_INFO = NO;
				MTL_FAST_MATH = YES;
				SDKROOT = xros;
				SWIFT_COMPILATION_MODE = wholemodule;
				VALIDATE_PRODUCT = YES;
				XROS_DEPLOYMENT_TARGET = 1.0;
			};
			name = Release;
		};
		1A850BAA2B4ED10600D2F1A5 /* Debug */ = {
			isa = XCBuildConfiguration;
			buildSettings = {
				ASSETCATALOG_COMPILER_APPICON_NAME = AppIcon;
				ASSETCATALOG_COMPILER_GLOBAL_ACCENT_COLOR_NAME = AccentColor;
				CODE_SIGN_STYLE = Automatic;
				CURRENT_PROJECT_VERSION = 1;
				DEVELOPMENT_ASSET_PATHS = "\"MultiOSSample/Preview Content\"";
				DEVELOPMENT_TEAM = ED5R9E794B;
				ENABLE_PREVIEWS = YES;
				GENERATE_INFOPLIST_FILE = YES;
				INFOPLIST_FILE = "$(TARGET_NAME)/Info.plist";
				INFOPLIST_KEY_UIStatusBarStyle = "";
				LD_RUNPATH_SEARCH_PATHS = (
					"$(inherited)",
					"@executable_path/Frameworks",
				);
				MARKETING_VERSION = 1.0;
				PRODUCT_BUNDLE_IDENTIFIER = jp.co.1planet.multios.sample.app.MultiOSSample;
				PRODUCT_NAME = "$(TARGET_NAME)";
				SUPPORTED_PLATFORMS = "iphoneos iphonesimulator xros xrsimulator";
				SUPPORTS_MACCATALYST = NO;
				SUPPORTS_MAC_DESIGNED_FOR_IPHONE_IPAD = NO;
				SWIFT_EMIT_LOC_STRINGS = YES;
				SWIFT_VERSION = 5.0;
				TARGETED_DEVICE_FAMILY = "1,2,7";
			};
			name = Debug;
		};
		1A850BAB2B4ED10600D2F1A5 /* Release */ = {
			isa = XCBuildConfiguration;
			buildSettings = {
				ASSETCATALOG_COMPILER_APPICON_NAME = AppIcon;
				ASSETCATALOG_COMPILER_GLOBAL_ACCENT_COLOR_NAME = AccentColor;
				CODE_SIGN_STYLE = Automatic;
				CURRENT_PROJECT_VERSION = 1;
				DEVELOPMENT_ASSET_PATHS = "\"MultiOSSample/Preview Content\"";
				DEVELOPMENT_TEAM = ED5R9E794B;
				ENABLE_PREVIEWS = YES;
				GENERATE_INFOPLIST_FILE = YES;
				INFOPLIST_FILE = "$(TARGET_NAME)/Info.plist";
				INFOPLIST_KEY_UIStatusBarStyle = "";
				LD_RUNPATH_SEARCH_PATHS = (
					"$(inherited)",
					"@executable_path/Frameworks",
				);
				MARKETING_VERSION = 1.0;
				PRODUCT_BUNDLE_IDENTIFIER = jp.co.1planet.multios.sample.app.MultiOSSample;
				PRODUCT_NAME = "$(TARGET_NAME)";
				SUPPORTED_PLATFORMS = "iphoneos iphonesimulator xros xrsimulator";
				SUPPORTS_MACCATALYST = NO;
				SUPPORTS_MAC_DESIGNED_FOR_IPHONE_IPAD = NO;
				SWIFT_EMIT_LOC_STRINGS = YES;
				SWIFT_VERSION = 5.0;
				TARGETED_DEVICE_FAMILY = "1,2,7";
			};
			name = Release;
		};
		1A850BAD2B4ED10600D2F1A5 /* Debug */ = {
			isa = XCBuildConfiguration;
			buildSettings = {
				ALWAYS_EMBED_SWIFT_STANDARD_LIBRARIES = YES;
				BUNDLE_LOADER = "$(TEST_HOST)";
				CODE_SIGN_STYLE = Automatic;
				CURRENT_PROJECT_VERSION = 1;
				DEVELOPMENT_TEAM = ED5R9E794B;
				GENERATE_INFOPLIST_FILE = YES;
				MARKETING_VERSION = 1.0;
				PRODUCT_BUNDLE_IDENTIFIER = jp.co.1planet.multios.sample.app.MultiOSSampleTests;
				PRODUCT_NAME = "$(TARGET_NAME)";
				SUPPORTED_PLATFORMS = "iphoneos iphonesimulator xros xrsimulator";
				SUPPORTS_MACCATALYST = NO;
				SWIFT_EMIT_LOC_STRINGS = NO;
				SWIFT_VERSION = 5.0;
				TARGETED_DEVICE_FAMILY = "1,2,7";
				TEST_HOST = "$(BUILT_PRODUCTS_DIR)/MultiOSSample.app/$(BUNDLE_EXECUTABLE_FOLDER_PATH)/MultiOSSample";
				XROS_DEPLOYMENT_TARGET = 1.0;
			};
			name = Debug;
		};
		1A850BAE2B4ED10600D2F1A5 /* Release */ = {
			isa = XCBuildConfiguration;
			buildSettings = {
				ALWAYS_EMBED_SWIFT_STANDARD_LIBRARIES = YES;
				BUNDLE_LOADER = "$(TEST_HOST)";
				CODE_SIGN_STYLE = Automatic;
				CURRENT_PROJECT_VERSION = 1;
				DEVELOPMENT_TEAM = ED5R9E794B;
				GENERATE_INFOPLIST_FILE = YES;
				MARKETING_VERSION = 1.0;
				PRODUCT_BUNDLE_IDENTIFIER = jp.co.1planet.multios.sample.app.MultiOSSampleTests;
				PRODUCT_NAME = "$(TARGET_NAME)";
				SUPPORTED_PLATFORMS = "iphoneos iphonesimulator xros xrsimulator";
				SUPPORTS_MACCATALYST = NO;
				SWIFT_EMIT_LOC_STRINGS = NO;
				SWIFT_VERSION = 5.0;
				TARGETED_DEVICE_FAMILY = "1,2,7";
				TEST_HOST = "$(BUILT_PRODUCTS_DIR)/MultiOSSample.app/$(BUNDLE_EXECUTABLE_FOLDER_PATH)/MultiOSSample";
				XROS_DEPLOYMENT_TARGET = 1.0;
			};
			name = Release;
		};
/* End XCBuildConfiguration section */

/* Begin XCConfigurationList section */
		1A850B872B4ED10400D2F1A5 /* Build configuration list for PBXProject "MultiOSSample" */ = {
			isa = XCConfigurationList;
			buildConfigurations = (
				1A850BA72B4ED10600D2F1A5 /* Debug */,
				1A850BA82B4ED10600D2F1A5 /* Release */,
			);
			defaultConfigurationIsVisible = 0;
			defaultConfigurationName = Release;
		};
		1A850BA92B4ED10600D2F1A5 /* Build configuration list for PBXNativeTarget "MultiOSSample" */ = {
			isa = XCConfigurationList;
			buildConfigurations = (
				1A850BAA2B4ED10600D2F1A5 /* Debug */,
				1A850BAB2B4ED10600D2F1A5 /* Release */,
			);
			defaultConfigurationIsVisible = 0;
			defaultConfigurationName = Release;
		};
		1A850BAC2B4ED10600D2F1A5 /* Build configuration list for PBXNativeTarget "MultiOSSampleTests" */ = {
			isa = XCConfigurationList;
			buildConfigurations = (
				1A850BAD2B4ED10600D2F1A5 /* Debug */,
				1A850BAE2B4ED10600D2F1A5 /* Release */,
			);
			defaultConfigurationIsVisible = 0;
			defaultConfigurationName = Release;
		};
/* End XCConfigurationList section */

/* Begin XCSwiftPackageProductDependency section */
		1A850B912B4ED10400D2F1A5 /* RealityKitContent */ = {
			isa = XCSwiftPackageProductDependency;
			productName = RealityKitContent;
		};
/* End XCSwiftPackageProductDependency section */
	};
	rootObject = 1A850B842B4ED10400D2F1A5 /* Project object */;
}
